
Microsoft Visual Studio Solution File, Format Version 12.00
# Visual Studio Version 17
VisualStudioVersion = 17.5.33424.131
MinimumVisualStudioVersion = 10.0.40219.1
Project("{FAE04EC0-301F-11D3-BF4B-00C04F79EFBC}") = "PlayPal.MVC", "PlayPal.MVC\PlayPal.MVC.csproj", "{0CA95CFD-5269-47D8-BA8B-26C422E8EF58}"
	ProjectSection(ProjectDependencies) = postProject
		{820D4434-59EE-4099-8D07-6F1BD63FD581} = {820D4434-59EE-4099-8D07-6F1BD63FD581}
		{959693E4-56BF-4590-B078-5246927F6A74} = {959693E4-56BF-4590-B078-5246927F6A74}
		{A5CBF97E-88DE-4A1F-8D8C-CAA2660833BC} = {A5CBF97E-88DE-4A1F-8D8C-CAA2660833BC}
		{F9D90784-0D05-408F-A58B-7754E8C8020E} = {F9D90784-0D05-408F-A58B-7754E8C8020E}
	EndProjectSection
EndProject
Project("{FAE04EC0-301F-11D3-BF4B-00C04F79EFBC}") = "PlayPal.DAL", "PlayPal.DAL\PlayPal.DAL.csproj", "{820D4434-59EE-4099-8D07-6F1BD63FD581}"
EndProject
Project("{FAE04EC0-301F-11D3-BF4B-00C04F79EFBC}") = "PlayPal.Repository.Common", "PlayPal.Repository.Common\PlayPal.Repository.Common.csproj", "{4EEA75A9-D830-4405-8DFB-10D09013457A}"
EndProject
Project("{FAE04EC0-301F-11D3-BF4B-00C04F79EFBC}") = "PlayPal.Repository", "PlayPal.Repository\PlayPal.Repository.csproj", "{1A4A7D80-F509-4F88-9128-2F5400037FE7}"
	ProjectSection(ProjectDependencies) = postProject
		{4EEA75A9-D830-4405-8DFB-10D09013457A} = {4EEA75A9-D830-4405-8DFB-10D09013457A}
		{820D4434-59EE-4099-8D07-6F1BD63FD581} = {820D4434-59EE-4099-8D07-6F1BD63FD581}
		{959693E4-56BF-4590-B078-5246927F6A74} = {959693E4-56BF-4590-B078-5246927F6A74}
		{EB60F1C1-201F-4682-88E0-32F76AFC34B4} = {EB60F1C1-201F-4682-88E0-32F76AFC34B4}
		{F9D90784-0D05-408F-A58B-7754E8C8020E} = {F9D90784-0D05-408F-A58B-7754E8C8020E}
	EndProjectSection
EndProject
Project("{FAE04EC0-301F-11D3-BF4B-00C04F79EFBC}") = "PlayPal.Service.Common", "PlayPal.Service.Common\PlayPal.Service.Common.csproj", "{A5B45B65-306A-482C-9EF6-F43AE2CBD0D1}"
EndProject
Project("{FAE04EC0-301F-11D3-BF4B-00C04F79EFBC}") = "PlayPal.Service", "PlayPal.Service\PlayPal.Service.csproj", "{A5CBF97E-88DE-4A1F-8D8C-CAA2660833BC}"
	ProjectSection(ProjectDependencies) = postProject
		{1A4A7D80-F509-4F88-9128-2F5400037FE7} = {1A4A7D80-F509-4F88-9128-2F5400037FE7}
		{4EEA75A9-D830-4405-8DFB-10D09013457A} = {4EEA75A9-D830-4405-8DFB-10D09013457A}
		{820D4434-59EE-4099-8D07-6F1BD63FD581} = {820D4434-59EE-4099-8D07-6F1BD63FD581}
		{959693E4-56BF-4590-B078-5246927F6A74} = {959693E4-56BF-4590-B078-5246927F6A74}
		{A5B45B65-306A-482C-9EF6-F43AE2CBD0D1} = {A5B45B65-306A-482C-9EF6-F43AE2CBD0D1}
		{EB60F1C1-201F-4682-88E0-32F76AFC34B4} = {EB60F1C1-201F-4682-88E0-32F76AFC34B4}
		{F9D90784-0D05-408F-A58B-7754E8C8020E} = {F9D90784-0D05-408F-A58B-7754E8C8020E}
	EndProjectSection
EndProject
Project("{FAE04EC0-301F-11D3-BF4B-00C04F79EFBC}") = "PlayPal.Model.Common", "PlayPal.ModelDTO.Common\PlayPal.Model.Common.csproj", "{EB60F1C1-201F-4682-88E0-32F76AFC34B4}"
EndProject
Project("{FAE04EC0-301F-11D3-BF4B-00C04F79EFBC}") = "PlayPal.Model", "PlayPal.ModelDTO\PlayPal.Model.csproj", "{F9D90784-0D05-408F-A58B-7754E8C8020E}"
	ProjectSection(ProjectDependencies) = postProject
		{820D4434-59EE-4099-8D07-6F1BD63FD581} = {820D4434-59EE-4099-8D07-6F1BD63FD581}
		{959693E4-56BF-4590-B078-5246927F6A74} = {959693E4-56BF-4590-B078-5246927F6A74}
		{EB60F1C1-201F-4682-88E0-32F76AFC34B4} = {EB60F1C1-201F-4682-88E0-32F76AFC34B4}
	EndProjectSection
EndProject
Project("{FAE04EC0-301F-11D3-BF4B-00C04F79EFBC}") = "PlayPal.Common", "PlayPal.Common\PlayPal.Common.csproj", "{959693E4-56BF-4590-B078-5246927F6A74}"
EndProject
Global
	GlobalSection(SolutionConfigurationPlatforms) = preSolution
		Debug|Any CPU = Debug|Any CPU
		Release|Any CPU = Release|Any CPU
	EndGlobalSection
	GlobalSection(ProjectConfigurationPlatforms) = postSolution
		{0CA95CFD-5269-47D8-BA8B-26C422E8EF58}.Debug|Any CPU.ActiveCfg = Debug|Any CPU
		{0CA95CFD-5269-47D8-BA8B-26C422E8EF58}.Debug|Any CPU.Build.0 = Debug|Any CPU
		{0CA95CFD-5269-47D8-BA8B-26C422E8EF58}.Release|Any CPU.ActiveCfg = Release|Any CPU
		{0CA95CFD-5269-47D8-BA8B-26C422E8EF58}.Release|Any CPU.Build.0 = Release|Any CPU
		{820D4434-59EE-4099-8D07-6F1BD63FD581}.Debug|Any CPU.ActiveCfg = Debug|Any CPU
		{820D4434-59EE-4099-8D07-6F1BD63FD581}.Debug|Any CPU.Build.0 = Debug|Any CPU
		{820D4434-59EE-4099-8D07-6F1BD63FD581}.Release|Any CPU.ActiveCfg = Release|Any CPU
		{820D4434-59EE-4099-8D07-6F1BD63FD581}.Release|Any CPU.Build.0 = Release|Any CPU
		{4EEA75A9-D830-4405-8DFB-10D09013457A}.Debug|Any CPU.ActiveCfg = Debug|Any CPU
		{4EEA75A9-D830-4405-8DFB-10D09013457A}.Debug|Any CPU.Build.0 = Debug|Any CPU
		{4EEA75A9-D830-4405-8DFB-10D09013457A}.Release|Any CPU.ActiveCfg = Release|Any CPU
		{4EEA75A9-D830-4405-8DFB-10D09013457A}.Release|Any CPU.Build.0 = Release|Any CPU
		{1A4A7D80-F509-4F88-9128-2F5400037FE7}.Debug|Any CPU.ActiveCfg = Debug|Any CPU
		{1A4A7D80-F509-4F88-9128-2F5400037FE7}.Debug|Any CPU.Build.0 = Debug|Any CPU
		{1A4A7D80-F509-4F88-9128-2F5400037FE7}.Release|Any CPU.ActiveCfg = Release|Any CPU
		{1A4A7D80-F509-4F88-9128-2F5400037FE7}.Release|Any CPU.Build.0 = Release|Any CPU
		{A5B45B65-306A-482C-9EF6-F43AE2CBD0D1}.Debug|Any CPU.ActiveCfg = Debug|Any CPU
		{A5B45B65-306A-482C-9EF6-F43AE2CBD0D1}.Debug|Any CPU.Build.0 = Debug|Any CPU
		{A5B45B65-306A-482C-9EF6-F43AE2CBD0D1}.Release|Any CPU.ActiveCfg = Release|Any CPU
		{A5B45B65-306A-482C-9EF6-F43AE2CBD0D1}.Release|Any CPU.Build.0 = Release|Any CPU
		{A5CBF97E-88DE-4A1F-8D8C-CAA2660833BC}.Debug|Any CPU.ActiveCfg = Debug|Any CPU
		{A5CBF97E-88DE-4A1F-8D8C-CAA2660833BC}.Debug|Any CPU.Build.0 = Debug|Any CPU
		{A5CBF97E-88DE-4A1F-8D8C-CAA2660833BC}.Release|Any CPU.ActiveCfg = Release|Any CPU
		{A5CBF97E-88DE-4A1F-8D8C-CAA2660833BC}.Release|Any CPU.Build.0 = Release|Any CPU
		{EB60F1C1-201F-4682-88E0-32F76AFC34B4}.Debug|Any CPU.ActiveCfg = Debug|Any CPU
		{EB60F1C1-201F-4682-88E0-32F76AFC34B4}.Debug|Any CPU.Build.0 = Debug|Any CPU
		{EB60F1C1-201F-4682-88E0-32F76AFC34B4}.Release|Any CPU.ActiveCfg = Release|Any CPU
		{EB60F1C1-201F-4682-88E0-32F76AFC34B4}.Release|Any CPU.Build.0 = Release|Any CPU
		{F9D90784-0D05-408F-A58B-7754E8C8020E}.Debug|Any CPU.ActiveCfg = Debug|Any CPU
		{F9D90784-0D05-408F-A58B-7754E8C8020E}.Debug|Any CPU.Build.0 = Debug|Any CPU
		{F9D90784-0D05-408F-A58B-7754E8C8020E}.Release|Any CPU.ActiveCfg = Release|Any CPU
		{F9D90784-0D05-408F-A58B-7754E8C8020E}.Release|Any CPU.Build.0 = Release|Any CPU
		{959693E4-56BF-4590-B078-5246927F6A74}.Debug|Any CPU.ActiveCfg = Debug|Any CPU
		{959693E4-56BF-4590-B078-5246927F6A74}.Debug|Any CPU.Build.0 = Debug|Any CPU
		{959693E4-56BF-4590-B078-5246927F6A74}.Release|Any CPU.ActiveCfg = Release|Any CPU
		{959693E4-56BF-4590-B078-5246927F6A74}.Release|Any CPU.Build.0 = Release|Any CPU
	EndGlobalSection
	GlobalSection(SolutionProperties) = preSolution
		HideSolutionNode = FALSE
	EndGlobalSection
	GlobalSection(ExtensibilityGlobals) = postSolution
		SolutionGuid = {D5ACD114-8F02-41E0-B8A9-D18F842C75B6}
	EndGlobalSection
EndGlobal
